
Microsoft Visual Studio Solution File, Format Version 12.00
Project("{FAE04EC0-301F-11D3-BF4B-00C04F79EFBC}") = "Modeling_Console", "Modeling_Console\Modeling_Console.csproj", "{3E1FAC31-A6A4-4A90-9916-5A77BBE176BF}"
EndProject
Global
	GlobalSection(SolutionConfigurationPlatforms) = preSolution
		Debug|Any CPU = Debug|Any CPU
		Release|Any CPU = Release|Any CPU
	EndGlobalSection
	GlobalSection(ProjectConfigurationPlatforms) = postSolution
		{3E1FAC31-A6A4-4A90-9916-5A77BBE176BF}.Debug|Any CPU.ActiveCfg = Debug|Any CPU
		{3E1FAC31-A6A4-4A90-9916-5A77BBE176BF}.Debug|Any CPU.Build.0 = Debug|Any CPU
		{3E1FAC31-A6A4-4A90-9916-5A77BBE176BF}.Release|Any CPU.ActiveCfg = Release|Any CPU
		{3E1FAC31-A6A4-4A90-9916-5A77BBE176BF}.Release|Any CPU.Build.0 = Release|Any CPU
	EndGlobalSection
EndGlobal
